
Microsoft Visual Studio Solution File, Format Version 12.00
# Visual Studio Version 17
VisualStudioVersion = 17.0.31903.59
MinimumVisualStudioVersion = 10.0.40219.1
Project("{2150E333-8FDC-42A3-9474-1A3956D46DE8}") = "Tests", "Tests", "{0AB3BF05-4346-4AA6-1389-037BE0695223}"
EndProject
Project("{2150E333-8FDC-42A3-9474-1A3956D46DE8}") = "AI-Vision IO Inspector", "AI-Vision IO Inspector", "{5279D4A3-FBC5-570B-AC62-5C0A931738E6}"
EndProject
Project("{FAE04EC0-301F-11D3-BF4B-00C04F79EFBC}") = "AI.Vision.IOInspector.Domain", "Tests\AI-Vision IO Inspector\AI.Vision.IOInspector.Domain\AI.Vision.IOInspector.Domain.csproj", "{2822D59A-E767-4A46-83AA-E800B26F6E70}"
EndProject
Project("{FAE04EC0-301F-11D3-BF4B-00C04F79EFBC}") = "AI.Vision.IOInspector.Application", "Tests\AI-Vision IO Inspector\AI.Vision.IOInspector.Application\AI.Vision.IOInspector.Application.csproj", "{ABD18831-EBED-434D-89FE-F10E71521F89}"
EndProject
Project("{FAE04EC0-301F-11D3-BF4B-00C04F79EFBC}") = "AI.Vision.IOInspector.Infrastructure", "Tests\AI-Vision IO Inspector\AI.Vision.IOInspector.Infrastructure\AI.Vision.IOInspector.Infrastructure.csproj", "{9556188E-909E-487F-A956-7BA60CCD8E67}"
EndProject
Project("{FAE04EC0-301F-11D3-BF4B-00C04F79EFBC}") = "AI.Vision.IOInspector.Vision", "Tests\AI-Vision IO Inspector\AI.Vision.IOInspector.Vision\AI.Vision.IOInspector.Vision.csproj", "{E1113B83-279C-4F87-B22D-0B463F0F909F}"
EndProject
Project("{FAE04EC0-301F-11D3-BF4B-00C04F79EFBC}") = "AI.Vision.IOInspector.App", "Tests\AI-Vision IO Inspector\AI.Vision.IOInspector.App\AI.Vision.IOInspector.App.csproj", "{9CD8CB35-FD72-46E3-B232-A4B7504BF4FE}"
EndProject
Global
	GlobalSection(SolutionConfigurationPlatforms) = preSolution
		Debug|Any CPU = Debug|Any CPU
		Debug|x64 = Debug|x64
		Debug|x86 = Debug|x86
		Release|Any CPU = Release|Any CPU
		Release|x64 = Release|x64
		Release|x86 = Release|x86
	EndGlobalSection
	GlobalSection(ProjectConfigurationPlatforms) = postSolution
		{2822D59A-E767-4A46-83AA-E800B26F6E70}.Debug|Any CPU.ActiveCfg = Debug|x64
		{2822D59A-E767-4A46-83AA-E800B26F6E70}.Debug|Any CPU.Build.0 = Debug|x64
		{2822D59A-E767-4A46-83AA-E800B26F6E70}.Debug|x64.ActiveCfg = Debug|x64
		{2822D59A-E767-4A46-83AA-E800B26F6E70}.Debug|x64.Build.0 = Debug|x64
		{2822D59A-E767-4A46-83AA-E800B26F6E70}.Debug|x86.ActiveCfg = Debug|x64
		{2822D59A-E767-4A46-83AA-E800B26F6E70}.Debug|x86.Build.0 = Debug|x64
		{2822D59A-E767-4A46-83AA-E800B26F6E70}.Release|Any CPU.ActiveCfg = Release|x64
		{2822D59A-E767-4A46-83AA-E800B26F6E70}.Release|Any CPU.Build.0 = Release|x64
		{2822D59A-E767-4A46-83AA-E800B26F6E70}.Release|x64.ActiveCfg = Release|x64
		{2822D59A-E767-4A46-83AA-E800B26F6E70}.Release|x64.Build.0 = Release|x64
		{2822D59A-E767-4A46-83AA-E800B26F6E70}.Release|x86.ActiveCfg = Release|x64
		{2822D59A-E767-4A46-83AA-E800B26F6E70}.Release|x86.Build.0 = Release|x64
		{ABD18831-EBED-434D-89FE-F10E71521F89}.Debug|Any CPU.ActiveCfg = Debug|x64
		{ABD18831-EBED-434D-89FE-F10E71521F89}.Debug|Any CPU.Build.0 = Debug|x64
		{ABD18831-EBED-434D-89FE-F10E71521F89}.Debug|x64.ActiveCfg = Debug|x64
		{ABD18831-EBED-434D-89FE-F10E71521F89}.Debug|x64.Build.0 = Debug|x64
		{ABD18831-EBED-434D-89FE-F10E71521F89}.Debug|x86.ActiveCfg = Debug|x64
		{ABD18831-EBED-434D-89FE-F10E71521F89}.Debug|x86.Build.0 = Debug|x64
		{ABD18831-EBED-434D-89FE-F10E71521F89}.Release|Any CPU.ActiveCfg = Release|x64
		{ABD18831-EBED-434D-89FE-F10E71521F89}.Release|Any CPU.Build.0 = Release|x64
		{ABD18831-EBED-434D-89FE-F10E71521F89}.Release|x64.ActiveCfg = Release|x64
		{ABD18831-EBED-434D-89FE-F10E71521F89}.Release|x64.Build.0 = Release|x64
		{ABD18831-EBED-434D-89FE-F10E71521F89}.Release|x86.ActiveCfg = Release|x64
		{ABD18831-EBED-434D-89FE-F10E71521F89}.Release|x86.Build.0 = Release|x64
		{9556188E-909E-487F-A956-7BA60CCD8E67}.Debug|Any CPU.ActiveCfg = Debug|x64
		{9556188E-909E-487F-A956-7BA60CCD8E67}.Debug|Any CPU.Build.0 = Debug|x64
		{9556188E-909E-487F-A956-7BA60CCD8E67}.Debug|x64.ActiveCfg = Debug|x64
		{9556188E-909E-487F-A956-7BA60CCD8E67}.Debug|x64.Build.0 = Debug|x64
		{9556188E-909E-487F-A956-7BA60CCD8E67}.Debug|x86.ActiveCfg = Debug|x64
		{9556188E-909E-487F-A956-7BA60CCD8E67}.Debug|x86.Build.0 = Debug|x64
		{9556188E-909E-487F-A956-7BA60CCD8E67}.Release|Any CPU.ActiveCfg = Release|x64
		{9556188E-909E-487F-A956-7BA60CCD8E67}.Release|Any CPU.Build.0 = Release|x64
		{9556188E-909E-487F-A956-7BA60CCD8E67}.Release|x64.ActiveCfg = Release|x64
		{9556188E-909E-487F-A956-7BA60CCD8E67}.Release|x64.Build.0 = Release|x64
		{9556188E-909E-487F-A956-7BA60CCD8E67}.Release|x86.ActiveCfg = Release|x64
		{9556188E-909E-487F-A956-7BA60CCD8E67}.Release|x86.Build.0 = Release|x64
		{E1113B83-279C-4F87-B22D-0B463F0F909F}.Debug|Any CPU.ActiveCfg = Debug|x64
		{E1113B83-279C-4F87-B22D-0B463F0F909F}.Debug|Any CPU.Build.0 = Debug|x64
		{E1113B83-279C-4F87-B22D-0B463F0F909F}.Debug|x64.ActiveCfg = Debug|x64
		{E1113B83-279C-4F87-B22D-0B463F0F909F}.Debug|x64.Build.0 = Debug|x64
		{E1113B83-279C-4F87-B22D-0B463F0F909F}.Debug|x86.ActiveCfg = Debug|x64
		{E1113B83-279C-4F87-B22D-0B463F0F909F}.Debug|x86.Build.0 = Debug|x64
		{E1113B83-279C-4F87-B22D-0B463F0F909F}.Release|Any CPU.ActiveCfg = Release|x64
		{E1113B83-279C-4F87-B22D-0B463F0F909F}.Release|Any CPU.Build.0 = Release|x64
		{E1113B83-279C-4F87-B22D-0B463F0F909F}.Release|x64.ActiveCfg = Release|x64
		{E1113B83-279C-4F87-B22D-0B463F0F909F}.Release|x64.Build.0 = Release|x64
		{E1113B83-279C-4F87-B22D-0B463F0F909F}.Release|x86.ActiveCfg = Release|x64
		{E1113B83-279C-4F87-B22D-0B463F0F909F}.Release|x86.Build.0 = Release|x64
		{9CD8CB35-FD72-46E3-B232-A4B7504BF4FE}.Debug|Any CPU.ActiveCfg = Debug|x64
		{9CD8CB35-FD72-46E3-B232-A4B7504BF4FE}.Debug|Any CPU.Build.0 = Debug|x64
		{9CD8CB35-FD72-46E3-B232-A4B7504BF4FE}.Debug|x64.ActiveCfg = Debug|x64
		{9CD8CB35-FD72-46E3-B232-A4B7504BF4FE}.Debug|x64.Build.0 = Debug|x64
		{9CD8CB35-FD72-46E3-B232-A4B7504BF4FE}.Debug|x86.ActiveCfg = Debug|x64
		{9CD8CB35-FD72-46E3-B232-A4B7504BF4FE}.Debug|x86.Build.0 = Debug|x64
		{9CD8CB35-FD72-46E3-B232-A4B7504BF4FE}.Release|Any CPU.ActiveCfg = Release|x64
		{9CD8CB35-FD72-46E3-B232-A4B7504BF4FE}.Release|Any CPU.Build.0 = Release|x64
		{9CD8CB35-FD72-46E3-B232-A4B7504BF4FE}.Release|x64.ActiveCfg = Release|x64
		{9CD8CB35-FD72-46E3-B232-A4B7504BF4FE}.Release|x64.Build.0 = Release|x64
		{9CD8CB35-FD72-46E3-B232-A4B7504BF4FE}.Release|x86.ActiveCfg = Release|x64
		{9CD8CB35-FD72-46E3-B232-A4B7504BF4FE}.Release|x86.Build.0 = Release|x64
	EndGlobalSection
	GlobalSection(SolutionProperties) = preSolution
		HideSolutionNode = FALSE
	EndGlobalSection
	GlobalSection(NestedProjects) = preSolution
		{5279D4A3-FBC5-570B-AC62-5C0A931738E6} = {0AB3BF05-4346-4AA6-1389-037BE0695223}
		{2822D59A-E767-4A46-83AA-E800B26F6E70} = {5279D4A3-FBC5-570B-AC62-5C0A931738E6}
		{ABD18831-EBED-434D-89FE-F10E71521F89} = {5279D4A3-FBC5-570B-AC62-5C0A931738E6}
		{9556188E-909E-487F-A956-7BA60CCD8E67} = {5279D4A3-FBC5-570B-AC62-5C0A931738E6}
		{E1113B83-279C-4F87-B22D-0B463F0F909F} = {5279D4A3-FBC5-570B-AC62-5C0A931738E6}
		{9CD8CB35-FD72-46E3-B232-A4B7504BF4FE} = {5279D4A3-FBC5-570B-AC62-5C0A931738E6}
	EndGlobalSection
EndGlobal
